
Microsoft Visual Studio Solution File, Format Version 12.00
# Visual Studio Version 17
VisualStudioVersion = 17.6.33829.357
MinimumVisualStudioVersion = 10.0.40219.1
Project("{FAE04EC0-301F-11D3-BF4B-00C04F79EFBC}") = "DAA", "DAA.csproj", "{18142990-056B-4BC7-8611-E5B2228B9B2F}"
EndProject
Project("{FAE04EC0-301F-11D3-BF4B-00C04F79EFBC}") = "Groupify", "Groupify\Groupify.csproj", "{16996FF2-26FD-412A-B00D-E9767B5E2061}"
EndProject
Project("{FAE04EC0-301F-11D3-BF4B-00C04F79EFBC}") = "Huffman Coding", "Huffman Coding\Huffman Coding.csproj", "{2AF9D7A3-CC0A-4BFF-AD7A-56297929C848}"
EndProject
Project("{FAE04EC0-301F-11D3-BF4B-00C04F79EFBC}") = "Supplementary", "Supplementary\Supplementary.csproj", "{565E449F-2BA6-425C-B09F-5FA19679CF6E}"
EndProject
Global
	GlobalSection(SolutionConfigurationPlatforms) = preSolution
		Debug|Any CPU = Debug|Any CPU
		Release|Any CPU = Release|Any CPU
	EndGlobalSection
	GlobalSection(ProjectConfigurationPlatforms) = postSolution
		{18142990-056B-4BC7-8611-E5B2228B9B2F}.Debug|Any CPU.ActiveCfg = Debug|Any CPU
		{18142990-056B-4BC7-8611-E5B2228B9B2F}.Debug|Any CPU.Build.0 = Debug|Any CPU
		{18142990-056B-4BC7-8611-E5B2228B9B2F}.Release|Any CPU.ActiveCfg = Release|Any CPU
		{18142990-056B-4BC7-8611-E5B2228B9B2F}.Release|Any CPU.Build.0 = Release|Any CPU
		{16996FF2-26FD-412A-B00D-E9767B5E2061}.Debug|Any CPU.ActiveCfg = Debug|Any CPU
		{16996FF2-26FD-412A-B00D-E9767B5E2061}.Debug|Any CPU.Build.0 = Debug|Any CPU
		{16996FF2-26FD-412A-B00D-E9767B5E2061}.Release|Any CPU.ActiveCfg = Release|Any CPU
		{16996FF2-26FD-412A-B00D-E9767B5E2061}.Release|Any CPU.Build.0 = Release|Any CPU
		{2AF9D7A3-CC0A-4BFF-AD7A-56297929C848}.Debug|Any CPU.ActiveCfg = Debug|Any CPU
		{2AF9D7A3-CC0A-4BFF-AD7A-56297929C848}.Debug|Any CPU.Build.0 = Debug|Any CPU
		{2AF9D7A3-CC0A-4BFF-AD7A-56297929C848}.Release|Any CPU.ActiveCfg = Release|Any CPU
		{2AF9D7A3-CC0A-4BFF-AD7A-56297929C848}.Release|Any CPU.Build.0 = Release|Any CPU
		{565E449F-2BA6-425C-B09F-5FA19679CF6E}.Debug|Any CPU.ActiveCfg = Debug|Any CPU
		{565E449F-2BA6-425C-B09F-5FA19679CF6E}.Debug|Any CPU.Build.0 = Debug|Any CPU
		{565E449F-2BA6-425C-B09F-5FA19679CF6E}.Release|Any CPU.ActiveCfg = Release|Any CPU
		{565E449F-2BA6-425C-B09F-5FA19679CF6E}.Release|Any CPU.Build.0 = Release|Any CPU
	EndGlobalSection
	GlobalSection(SolutionProperties) = preSolution
		HideSolutionNode = FALSE
	EndGlobalSection
	GlobalSection(ExtensibilityGlobals) = postSolution
		SolutionGuid = {3586E397-7B35-4A82-A83C-CFEDF1B2F066}
	EndGlobalSection
EndGlobal
